
Microsoft Visual Studio Solution File, Format Version 12.00
# Visual Studio 15
VisualStudioVersion = 15.0.26430.14
MinimumVisualStudioVersion = 10.0.40219.1
Project("{FAE04EC0-301F-11D3-BF4B-00C04F79EFBC}") = "Quarks", "Quarks\Quarks.csproj", "{FCBC2394-CAAD-403B-A9F5-0BA619805BA6}"
EndProject
Project("{FAE04EC0-301F-11D3-BF4B-00C04F79EFBC}") = "Quarks.Tests", "Quarks.Tests\Quarks.Tests.csproj", "{71958480-3E33-4EC4-805B-D3B2907FC94C}"
EndProject
Global
	GlobalSection(SolutionConfigurationPlatforms) = preSolution
		Debug|Any CPU = Debug|Any CPU
		Release|Any CPU = Release|Any CPU
	EndGlobalSection
	GlobalSection(ProjectConfigurationPlatforms) = postSolution
		{FCBC2394-CAAD-403B-A9F5-0BA619805BA6}.Debug|Any CPU.ActiveCfg = Debug|Any CPU
		{FCBC2394-CAAD-403B-A9F5-0BA619805BA6}.Debug|Any CPU.Build.0 = Debug|Any CPU
		{FCBC2394-CAAD-403B-A9F5-0BA619805BA6}.Release|Any CPU.ActiveCfg = Release|Any CPU
		{FCBC2394-CAAD-403B-A9F5-0BA619805BA6}.Release|Any CPU.Build.0 = Release|Any CPU
		{71958480-3E33-4EC4-805B-D3B2907FC94C}.Debug|Any CPU.ActiveCfg = Debug|Any CPU
		{71958480-3E33-4EC4-805B-D3B2907FC94C}.Debug|Any CPU.Build.0 = Debug|Any CPU
		{71958480-3E33-4EC4-805B-D3B2907FC94C}.Release|Any CPU.ActiveCfg = Release|Any CPU
		{71958480-3E33-4EC4-805B-D3B2907FC94C}.Release|Any CPU.Build.0 = Release|Any CPU
	EndGlobalSection
	GlobalSection(SolutionProperties) = preSolution
		HideSolutionNode = FALSE
	EndGlobalSection
EndGlobal
